
Microsoft Visual Studio Solution File, Format Version 12.00
# Visual Studio Version 16
VisualStudioVersion = 16.0.30104.148
MinimumVisualStudioVersion = 10.0.40219.1
Project("{FAE04EC0-301F-11D3-BF4B-00C04F79EFBC}") = "ReTao", "ReTao.csproj", "{FAD7C3FF-2796-41C8-B9D1-221EADC12528}"
EndProject
Global
	GlobalSection(SolutionConfigurationPlatforms) = preSolution
		Debug|Any CPU = Debug|Any CPU
		Release|Any CPU = Release|Any CPU
	EndGlobalSection
	GlobalSection(ProjectConfigurationPlatforms) = postSolution
		{FAD7C3FF-2796-41C8-B9D1-221EADC12528}.Debug|Any CPU.ActiveCfg = Debug|Any CPU
		{FAD7C3FF-2796-41C8-B9D1-221EADC12528}.Debug|Any CPU.Build.0 = Debug|Any CPU
		{FAD7C3FF-2796-41C8-B9D1-221EADC12528}.Release|Any CPU.ActiveCfg = Release|Any CPU
		{FAD7C3FF-2796-41C8-B9D1-221EADC12528}.Release|Any CPU.Build.0 = Release|Any CPU
	EndGlobalSection
	GlobalSection(SolutionProperties) = preSolution
		HideSolutionNode = FALSE
	EndGlobalSection
	GlobalSection(ExtensibilityGlobals) = postSolution
		SolutionGuid = {FB7000D1-FF96-44B3-860B-9F8287A922D1}
	EndGlobalSection
EndGlobal
